// !$*UTF8*$!
{
	archiveVersion = 1;
	classes = {
	};
	objectVersion = 46;
	objects = {

/* Begin PBXBuildFile section */
		01A9FED1C518D7EBFC02D4E4 /* libPods-WTImageEasyInOut.a in Frameworks */ = {isa = PBXBuildFile; fileRef = 48A6A84A81B574D48BDE873A /* libPods-WTImageEasyInOut.a */; };
		5DACEED11E53E308004042F0 /* main.m in Sources */ = {isa = PBXBuildFile; fileRef = 5DACEED01E53E308004042F0 /* main.m */; };
		5DACEED41E53E308004042F0 /* AppDelegate.m in Sources */ = {isa = PBXBuildFile; fileRef = 5DACEED31E53E308004042F0 /* AppDelegate.m */; };
		5DACEED71E53E308004042F0 /* ViewController.m in Sources */ = {isa = PBXBuildFile; fileRef = 5DACEED61E53E308004042F0 /* ViewController.m */; };
		5DACEEDA1E53E308004042F0 /* Main.storyboard in Resources */ = {isa = PBXBuildFile; fileRef = 5DACEED81E53E308004042F0 /* Main.storyboard */; };
		5DACEEDC1E53E308004042F0 /* Assets.xcassets in Resources */ = {isa = PBXBuildFile; fileRef = 5DACEEDB1E53E308004042F0 /* Assets.xcassets */; };
		5DACEEDF1E53E308004042F0 /* LaunchScreen.storyboard in Resources */ = {isa = PBXBuildFile; fileRef = 5DACEEDD1E53E308004042F0 /* LaunchScreen.storyboard */; };
		5DACEEEA1E53E308004042F0 /* WTImageEasyInOutTests.m in Sources */ = {isa = PBXBuildFile; fileRef = 5DACEEE91E53E308004042F0 /* WTImageEasyInOutTests.m */; };
		5DACEEF51E53E308004042F0 /* WTImageEasyInOutUITests.m in Sources */ = {isa = PBXBuildFile; fileRef = 5DACEEF41E53E308004042F0 /* WTImageEasyInOutUITests.m */; };
		5DACEF051E53E485004042F0 /* UIImageView+EasyInOut.m in Sources */ = {isa = PBXBuildFile; fileRef = 5DACEF041E53E485004042F0 /* UIImageView+EasyInOut.m */; };
/* End PBXBuildFile section */

/* Begin PBXContainerItemProxy section */
		5DACEEE61E53E308004042F0 /* PBXContainerItemProxy */ = {
			isa = PBXContainerItemProxy;
			containerPortal = 5DACEEC41E53E308004042F0 /* Project object */;
			proxyType = 1;
			remoteGlobalIDString = 5DACEECB1E53E308004042F0;
			remoteInfo = WTImageEasyInOut;
		};
		5DACEEF11E53E308004042F0 /* PBXContainerItemProxy */ = {
			isa = PBXContainerItemProxy;
			containerPortal = 5DACEEC41E53E308004042F0 /* Project object */;
			proxyType = 1;
			remoteGlobalIDString = 5DACEECB1E53E308004042F0;
			remoteInfo = WTImageEasyInOut;
		};
/* End PBXContainerItemProxy section */

/* Begin PBXFileReference section */
		0D746F9E2BFA7D3A2E8AA9AA /* Pods-WTImageEasyInOut.release.xcconfig */ = {isa = PBXFileReference; includeInIndex = 1; lastKnownFileType = text.xcconfig; name = "Pods-WTImageEasyInOut.release.xcconfig"; path = "Pods/Target Support Files/Pods-WTImageEasyInOut/Pods-WTImageEasyInOut.release.xcconfig"; sourceTree = "<group>"; };
		48A6A84A81B574D48BDE873A /* libPods-WTImageEasyInOut.a */ = {isa = PBXFileReference; explicitFileType = archive.ar; includeInIndex = 0; path = "libPods-WTImageEasyInOut.a"; sourceTree = BUILT_PRODUCTS_DIR; };
		5DACEECC1E53E308004042F0 /* WTImageEasyInOut.app */ = {isa = PBXFileReference; explicitFileType = wrapper.application; includeInIndex = 0; path = WTImageEasyInOut.app; sourceTree = BUILT_PRODUCTS_DIR; };
		5DACEED01E53E308004042F0 /* main.m */ = {isa = PBXFileReference; lastKnownFileType = sourcecode.c.objc; path = main.m; sourceTree = "<group>"; };
		5DACEED21E53E308004042F0 /* AppDelegate.h */ = {isa = PBXFileReference; lastKnownFileType = sourcecode.c.h; path = AppDelegate.h; sourceTree = "<group>"; };
		5DACEED31E53E308004042F0 /* AppDelegate.m */ = {isa = PBXFileReference; lastKnownFileType = sourcecode.c.objc; path = AppDelegate.m; sourceTree = "<group>"; };
		5DACEED51E53E308004042F0 /* ViewController.h */ = {isa = PBXFileReference; lastKnownFileType = sourcecode.c.h; path = ViewController.h; sourceTree = "<group>"; };
		5DACEED61E53E308004042F0 /* ViewController.m */ = {isa = PBXFileReference; lastKnownFileType = sourcecode.c.objc; path = ViewController.m; sourceTree = "<group>"; };
		5DACEED91E53E308004042F0 /* Base */ = {isa = PBXFileReference; lastKnownFileType = file.storyboard; name = Base; path = Base.lproj/Main.storyboard; sourceTree = "<group>"; };
		5DACEEDB1E53E308004042F0 /* Assets.xcassets */ = {isa = PBXFileReference; lastKnownFileType = folder.assetcatalog; path = Assets.xcassets; sourceTree = "<group>"; };
		5DACEEDE1E53E308004042F0 /* Base */ = {isa = PBXFileReference; lastKnownFileType = file.storyboard; name = Base; path = Base.lproj/LaunchScreen.storyboard; sourceTree = "<group>"; };
		5DACEEE01E53E308004042F0 /* Info.plist */ = {isa = PBXFileReference; lastKnownFileType = text.plist.xml; path = Info.plist; sourceTree = "<group>"; };
		5DACEEE51E53E308004042F0 /* WTImageEasyInOutTests.xctest */ = {isa = PBXFileReference; explicitFileType = wrapper.cfbundle; includeInIndex = 0; path = WTImageEasyInOutTests.xctest; sourceTree = BUILT_PRODUCTS_DIR; };
		5DACEEE91E53E308004042F0 /* WTImageEasyInOutTests.m */ = {isa = PBXFileReference; lastKnownFileType = sourcecode.c.objc; path = WTImageEasyInOutTests.m; sourceTree = "<group>"; };
		5DACEEEB1E53E308004042F0 /* Info.plist */ = {isa = PBXFileReference; lastKnownFileType = text.plist.xml; path = Info.plist; sourceTree = "<group>"; };
		5DACEEF01E53E308004042F0 /* WTImageEasyInOutUITests.xctest */ = {isa = PBXFileReference; explicitFileType = wrapper.cfbundle; includeInIndex = 0; path = WTImageEasyInOutUITests.xctest; sourceTree = BUILT_PRODUCTS_DIR; };
		5DACEEF41E53E308004042F0 /* WTImageEasyInOutUITests.m */ = {isa = PBXFileReference; lastKnownFileType = sourcecode.c.objc; path = WTImageEasyInOutUITests.m; sourceTree = "<group>"; };
		5DACEEF61E53E308004042F0 /* Info.plist */ = {isa = PBXFileReference; lastKnownFileType = text.plist.xml; path = Info.plist; sourceTree = "<group>"; };
		5DACEF031E53E485004042F0 /* UIImageView+EasyInOut.h */ = {isa = PBXFileReference; fileEncoding = 4; lastKnownFileType = sourcecode.c.h; path = "UIImageView+EasyInOut.h"; sourceTree = "<group>"; };
		5DACEF041E53E485004042F0 /* UIImageView+EasyInOut.m */ = {isa = PBXFileReference; fileEncoding = 4; lastKnownFileType = sourcecode.c.objc; path = "UIImageView+EasyInOut.m"; sourceTree = "<group>"; };
		E6D01216434B4D698FE8E9C3 /* Pods-WTImageEasyInOut.debug.xcconfig */ = {isa = PBXFileReference; includeInIndex = 1; lastKnownFileType = text.xcconfig; name = "Pods-WTImageEasyInOut.debug.xcconfig"; path = "Pods/Target Support Files/Pods-WTImageEasyInOut/Pods-WTImageEasyInOut.debug.xcconfig"; sourceTree = "<group>"; };
/* End PBXFileReference section */

/* Begin PBXFrameworksBuildPhase section */
		5DACEEC91E53E308004042F0 /* Frameworks */ = {
			isa = PBXFrameworksBuildPhase;
			buildActionMask = 2147483647;
			files = (
				01A9FED1C518D7EBFC02D4E4 /* libPods-WTImageEasyInOut.a in Frameworks */,
			);
			runOnlyForDeploymentPostprocessing = 0;
		};
		5DACEEE21E53E308004042F0 /* Frameworks */ = {
			isa = PBXFrameworksBuildPhase;
			buildActionMask = 2147483647;
			files = (
			);
			runOnlyForDeploymentPostprocessing = 0;
		};
		5DACEEED1E53E308004042F0 /* Frameworks */ = {
			isa = PBXFrameworksBuildPhase;
			buildActionMask = 2147483647;
			files = (
			);
			runOnlyForDeploymentPostprocessing = 0;
		};
/* End PBXFrameworksBuildPhase section */

/* Begin PBXGroup section */
		13CB7791C55DD1680B90C56D /* Frameworks */ = {
			isa = PBXGroup;
			children = (
				48A6A84A81B574D48BDE873A /* libPods-WTImageEasyInOut.a */,
			);
			name = Frameworks;
			sourceTree = "<group>";
		};
		5DACEEC31E53E308004042F0 = {
			isa = PBXGroup;
			children = (
				5DACEECE1E53E308004042F0 /* WTImageEasyInOut */,
				5DACEEE81E53E308004042F0 /* WTImageEasyInOutTests */,
				5DACEEF31E53E308004042F0 /* WTImageEasyInOutUITests */,
				5DACEECD1E53E308004042F0 /* Products */,
				87B83AFD733CDEC92F972984 /* Pods */,
				13CB7791C55DD1680B90C56D /* Frameworks */,
			);
			sourceTree = "<group>";
		};
		5DACEECD1E53E308004042F0 /* Products */ = {
			isa = PBXGroup;
			children = (
				5DACEECC1E53E308004042F0 /* WTImageEasyInOut.app */,
				5DACEEE51E53E308004042F0 /* WTImageEasyInOutTests.xctest */,
				5DACEEF01E53E308004042F0 /* WTImageEasyInOutUITests.xctest */,
			);
			name = Products;
			sourceTree = "<group>";
		};
		5DACEECE1E53E308004042F0 /* WTImageEasyInOut */ = {
			isa = PBXGroup;
			children = (
				5DACEF021E53E469004042F0 /* WTImageEasyInOut */,
				5DACEED21E53E308004042F0 /* AppDelegate.h */,
				5DACEED31E53E308004042F0 /* AppDelegate.m */,
				5DACEED51E53E308004042F0 /* ViewController.h */,
				5DACEED61E53E308004042F0 /* ViewController.m */,
				5DACEED81E53E308004042F0 /* Main.storyboard */,
				5DACEEDB1E53E308004042F0 /* Assets.xcassets */,
				5DACEEDD1E53E308004042F0 /* LaunchScreen.storyboard */,
				5DACEEE01E53E308004042F0 /* Info.plist */,
				5DACEECF1E53E308004042F0 /* Supporting Files */,
			);
			path = WTImageEasyInOut;
			sourceTree = "<group>";
		};
		5DACEECF1E53E308004042F0 /* Supporting Files */ = {
			isa = PBXGroup;
			children = (
				5DACEED01E53E308004042F0 /* main.m */,
			);
			name = "Supporting Files";
			sourceTree = "<group>";
		};
		5DACEEE81E53E308004042F0 /* WTImageEasyInOutTests */ = {
			isa = PBXGroup;
			children = (
				5DACEEE91E53E308004042F0 /* WTImageEasyInOutTests.m */,
				5DACEEEB1E53E308004042F0 /* Info.plist */,
			);
			path = WTImageEasyInOutTests;
			sourceTree = "<group>";
		};
		5DACEEF31E53E308004042F0 /* WTImageEasyInOutUITests */ = {
			isa = PBXGroup;
			children = (
				5DACEEF41E53E308004042F0 /* WTImageEasyInOutUITests.m */,
				5DACEEF61E53E308004042F0 /* Info.plist */,
			);
			path = WTImageEasyInOutUITests;
			sourceTree = "<group>";
		};
		5DACEF021E53E469004042F0 /* WTImageEasyInOut */ = {
			isa = PBXGroup;
			children = (
				5DACEF031E53E485004042F0 /* UIImageView+EasyInOut.h */,
				5DACEF041E53E485004042F0 /* UIImageView+EasyInOut.m */,
			);
			path = WTImageEasyInOut;
			sourceTree = "<group>";
		};
		87B83AFD733CDEC92F972984 /* Pods */ = {
			isa = PBXGroup;
			children = (
				E6D01216434B4D698FE8E9C3 /* Pods-WTImageEasyInOut.debug.xcconfig */,
				0D746F9E2BFA7D3A2E8AA9AA /* Pods-WTImageEasyInOut.release.xcconfig */,
			);
			name = Pods;
			sourceTree = "<group>";
		};
/* End PBXGroup section */

/* Begin PBXNativeTarget section */
		5DACEECB1E53E308004042F0 /* WTImageEasyInOut */ = {
			isa = PBXNativeTarget;
			buildConfigurationList = 5DACEEF91E53E308004042F0 /* Build configuration list for PBXNativeTarget "WTImageEasyInOut" */;
			buildPhases = (
				A2E9B467B7896D9935C6F28A /* [CP] Check Pods Manifest.lock */,
				5DACEEC81E53E308004042F0 /* Sources */,
				5DACEEC91E53E308004042F0 /* Frameworks */,
				5DACEECA1E53E308004042F0 /* Resources */,
				4F704B5B9A1BB1B119A785D1 /* [CP] Embed Pods Frameworks */,
				C1D468E1732051476D43A3BE /* [CP] Copy Pods Resources */,
			);
			buildRules = (
			);
			dependencies = (
			);
			name = WTImageEasyInOut;
			productName = WTImageEasyInOut;
			productReference = 5DACEECC1E53E308004042F0 /* WTImageEasyInOut.app */;
			productType = "com.apple.product-type.application";
		};
		5DACEEE41E53E308004042F0 /* WTImageEasyInOutTests */ = {
			isa = PBXNativeTarget;
			buildConfigurationList = 5DACEEFC1E53E308004042F0 /* Build configuration list for PBXNativeTarget "WTImageEasyInOutTests" */;
			buildPhases = (
				5DACEEE11E53E308004042F0 /* Sources */,
				5DACEEE21E53E308004042F0 /* Frameworks */,
				5DACEEE31E53E308004042F0 /* Resources */,
			);
			buildRules = (
			);
			dependencies = (
				5DACEEE71E53E308004042F0 /* PBXTargetDependency */,
			);
			name = WTImageEasyInOutTests;
			productName = WTImageEasyInOutTests;
			productReference = 5DACEEE51E53E308004042F0 /* WTImageEasyInOutTests.xctest */;
			productType = "com.apple.product-type.bundle.unit-test";
		};
		5DACEEEF1E53E308004042F0 /* WTImageEasyInOutUITests */ = {
			isa = PBXNativeTarget;
			buildConfigurationList = 5DACEEFF1E53E308004042F0 /* Build configuration list for PBXNativeTarget "WTImageEasyInOutUITests" */;
			buildPhases = (
				5DACEEEC1E53E308004042F0 /* Sources */,
				5DACEEED1E53E308004042F0 /* Frameworks */,
				5DACEEEE1E53E308004042F0 /* Resources */,
			);
			buildRules = (
			);
			dependencies = (
				5DACEEF21E53E308004042F0 /* PBXTargetDependency */,
			);
			name = WTImageEasyInOutUITests;
			productName = WTImageEasyInOutUITests;
			productReference = 5DACEEF01E53E308004042F0 /* WTImageEasyInOutUITests.xctest */;
			productType = "com.apple.product-type.bundle.ui-testing";
		};
/* End PBXNativeTarget section */

/* Begin PBXProject section */
		5DACEEC41E53E308004042F0 /* Project object */ = {
			isa = PBXProject;
			attributes = {
				LastUpgradeCheck = 0820;
				ORGANIZATIONNAME = Dwt;
				TargetAttributes = {
					5DACEECB1E53E308004042F0 = {
						CreatedOnToolsVersion = 8.2.1;
						ProvisioningStyle = Automatic;
					};
					5DACEEE41E53E308004042F0 = {
						CreatedOnToolsVersion = 8.2.1;
						ProvisioningStyle = Automatic;
						TestTargetID = 5DACEECB1E53E308004042F0;
					};
					5DACEEEF1E53E308004042F0 = {
						CreatedOnToolsVersion = 8.2.1;
						ProvisioningStyle = Automatic;
						TestTargetID = 5DACEECB1E53E308004042F0;
					};
				};
			};
			buildConfigurationList = 5DACEEC71E53E308004042F0 /* Build configuration list for PBXProject "WTImageEasyInOut" */;
			compatibilityVersion = "Xcode 3.2";
			developmentRegion = English;
			hasScannedForEncodings = 0;
			knownRegions = (
				en,
				Base,
			);
			mainGroup = 5DACEEC31E53E308004042F0;
			productRefGroup = 5DACEECD1E53E308004042F0 /* Products */;
			projectDirPath = "";
			projectRoot = "";
			targets = (
				5DACEECB1E53E308004042F0 /* WTImageEasyInOut */,
				5DACEEE41E53E308004042F0 /* WTImageEasyInOutTests */,
				5DACEEEF1E53E308004042F0 /* WTImageEasyInOutUITests */,
			);
		};
/* End PBXProject section */

/* Begin PBXResourcesBuildPhase section */
		5DACEECA1E53E308004042F0 /* Resources */ = {
			isa = PBXResourcesBuildPhase;
			buildActionMask = 2147483647;
			files = (
				5DACEEDF1E53E308004042F0 /* LaunchScreen.storyboard in Resources */,
				5DACEEDC1E53E308004042F0 /* Assets.xcassets in Resources */,
				5DACEEDA1E53E308004042F0 /* Main.storyboard in Resources */,
			);
			runOnlyForDeploymentPostprocessing = 0;
		};
		5DACEEE31E53E308004042F0 /* Resources */ = {
			isa = PBXResourcesBuildPhase;
			buildActionMask = 2147483647;
			files = (
			);
			runOnlyForDeploymentPostprocessing = 0;
		};
		5DACEEEE1E53E308004042F0 /* Resources */ = {
			isa = PBXResourcesBuildPhase;
			buildActionMask = 2147483647;
			files = (
			);
			runOnlyForDeploymentPostprocessing = 0;
		};
/* End PBXResourcesBuildPhase section */

/* Begin PBXShellScriptBuildPhase section */
		4F704B5B9A1BB1B119A785D1 /* [CP] Embed Pods Frameworks */ = {
			isa = PBXShellScriptBuildPhase;
			buildActionMask = 2147483647;
			files = (
			);
			inputPaths = (
			);
			name = "[CP] Embed Pods Frameworks";
			outputPaths = (
			);
			runOnlyForDeploymentPostprocessing = 0;
			shellPath = /bin/sh;
			shellScript = "\"${SRCROOT}/Pods/Target Support Files/Pods-WTImageEasyInOut/Pods-WTImageEasyInOut-frameworks.sh\"\n";
			showEnvVarsInLog = 0;
		};
		A2E9B467B7896D9935C6F28A /* [CP] Check Pods Manifest.lock */ = {
			isa = PBXShellScriptBuildPhase;
			buildActionMask = 2147483647;
			files = (
			);
			inputPaths = (
			);
			name = "[CP] Check Pods Manifest.lock";
			outputPaths = (
			);
			runOnlyForDeploymentPostprocessing = 0;
			shellPath = /bin/sh;
			shellScript = "diff \"${PODS_ROOT}/../Podfile.lock\" \"${PODS_ROOT}/Manifest.lock\" > /dev/null\nif [[ $? != 0 ]] ; then\n    cat << EOM\nerror: The sandbox is not in sync with the Podfile.lock. Run 'pod install' or update your CocoaPods installation.\nEOM\n    exit 1\nfi\n";
			showEnvVarsInLog = 0;
		};
		C1D468E1732051476D43A3BE /* [CP] Copy Pods Resources */ = {
			isa = PBXShellScriptBuildPhase;
			buildActionMask = 2147483647;
			files = (
			);
			inputPaths = (
			);
			name = "[CP] Copy Pods Resources";
			outputPaths = (
			);
			runOnlyForDeploymentPostprocessing = 0;
			shellPath = /bin/sh;
			shellScript = "\"${SRCROOT}/Pods/Target Support Files/Pods-WTImageEasyInOut/Pods-WTImageEasyInOut-resources.sh\"\n";
			showEnvVarsInLog = 0;
		};
/* End PBXShellScriptBuildPhase section */

/* Begin PBXSourcesBuildPhase section */
		5DACEEC81E53E308004042F0 /* Sources */ = {
			isa = PBXSourcesBuildPhase;
			buildActionMask = 2147483647;
			files = (
				5DACEED71E53E308004042F0 /* ViewController.m in Sources */,
				5DACEED41E53E308004042F0 /* AppDelegate.m in Sources */,
				5DACEF051E53E485004042F0 /* UIImageView+EasyInOut.m in Sources */,
				5DACEED11E53E308004042F0 /* main.m in Sources */,
			);
			runOnlyForDeploymentPostprocessing = 0;
		};
		5DACEEE11E53E308004042F0 /* Sources */ = {
			isa = PBXSourcesBuildPhase;
			buildActionMask = 2147483647;
			files = (
				5DACEEEA1E53E308004042F0 /* WTImageEasyInOutTests.m in Sources */,
			);
			runOnlyForDeploymentPostprocessing = 0;
		};
		5DACEEEC1E53E308004042F0 /* Sources */ = {
			isa = PBXSourcesBuildPhase;
			buildActionMask = 2147483647;
			files = (
				5DACEEF51E53E308004042F0 /* WTImageEasyInOutUITests.m in Sources */,
			);
			runOnlyForDeploymentPostprocessing = 0;
		};
/* End PBXSourcesBuildPhase section */

/* Begin PBXTargetDependency section */
		5DACEEE71E53E308004042F0 /* PBXTargetDependency */ = {
			isa = PBXTargetDependency;
			target = 5DACEECB1E53E308004042F0 /* WTImageEasyInOut */;
			targetProxy = 5DACEEE61E53E308004042F0 /* PBXContainerItemProxy */;
		};
		5DACEEF21E53E308004042F0 /* PBXTargetDependency */ = {
			isa = PBXTargetDependency;
			target = 5DACEECB1E53E308004042F0 /* WTImageEasyInOut */;
			targetProxy = 5DACEEF11E53E308004042F0 /* PBXContainerItemProxy */;
		};
/* End PBXTargetDependency section */

/* Begin PBXVariantGroup section */
		5DACEED81E53E308004042F0 /* Main.storyboard */ = {
			isa = PBXVariantGroup;
			children = (
				5DACEED91E53E308004042F0 /* Base */,
			);
			name = Main.storyboard;
			sourceTree = "<group>";
		};
		5DACEEDD1E53E308004042F0 /* LaunchScreen.storyboard */ = {
			isa = PBXVariantGroup;
			children = (
				5DACEEDE1E53E308004042F0 /* Base */,
			);
			name = LaunchScreen.storyboard;
			sourceTree = "<group>";
		};
/* End PBXVariantGroup section */

/* Begin XCBuildConfiguration section */
		5DACEEF71E53E308004042F0 /* Debug */ = {
			isa = XCBuildConfiguration;
			buildSettings = {
				ALWAYS_SEARCH_USER_PATHS = NO;
				CLANG_ANALYZER_NONNULL = YES;
				CLANG_CXX_LANGUAGE_STANDARD = "gnu++0x";
				CLANG_CXX_LIBRARY = "libc++";
				CLANG_ENABLE_MODULES = YES;
				CLANG_ENABLE_OBJC_ARC = YES;
				CLANG_WARN_BOOL_CONVERSION = YES;
				CLANG_WARN_CONSTANT_CONVERSION = YES;
				CLANG_WARN_DIRECT_OBJC_ISA_USAGE = YES_ERROR;
				CLANG_WARN_DOCUMENTATION_COMMENTS = YES;
				CLANG_WARN_EMPTY_BODY = YES;
				CLANG_WARN_ENUM_CONVERSION = YES;
				CLANG_WARN_INFINITE_RECURSION = YES;
				CLANG_WARN_INT_CONVERSION = YES;
				CLANG_WARN_OBJC_ROOT_CLASS = YES_ERROR;
				CLANG_WARN_SUSPICIOUS_MOVE = YES;
				CLANG_WARN_UNREACHABLE_CODE = YES;
				CLANG_WARN__DUPLICATE_METHOD_MATCH = YES;
				"CODE_SIGN_IDENTITY[sdk=iphoneos*]" = "iPhone Developer";
				COPY_PHASE_STRIP = NO;
				DEBUG_INFORMATION_FORMAT = dwarf;
				ENABLE_STRICT_OBJC_MSGSEND = YES;
				ENABLE_TESTABILITY = YES;
				GCC_C_LANGUAGE_STANDARD = gnu99;
				GCC_DYNAMIC_NO_PIC = NO;
				GCC_NO_COMMON_BLOCKS = YES;
				GCC_OPTIMIZATION_LEVEL = 0;
				GCC_PREPROCESSOR_DEFINITIONS = (
					"DEBUG=1",
					"$(inherited)",
				);
				GCC_WARN_64_TO_32_BIT_CONVERSION = YES;
				GCC_WARN_ABOUT_RETURN_TYPE = YES_ERROR;
				GCC_WARN_UNDECLARED_SELECTOR = YES;
				GCC_WARN_UNINITIALIZED_AUTOS = YES_AGGRESSIVE;
				GCC_WARN_UNUSED_FUNCTION = YES;
				GCC_WARN_UNUSED_VARIABLE = YES;
				IPHONEOS_DEPLOYMENT_TARGET = 10.2;
				MTL_ENABLE_DEBUG_INFO = YES;
				ONLY_ACTIVE_ARCH = YES;
				SDKROOT = iphoneos;
			};
			name = Debug;
		};
		5DACEEF81E53E308004042F0 /* Release */ = {
			isa = XCBuildConfiguration;
			buildSettings = {
				ALWAYS_SEARCH_USER_PATHS = NO;
				CLANG_ANALYZER_NONNULL = YES;
				CLANG_CXX_LANGUAGE_STANDARD = "gnu++0x";
				CLANG_CXX_LIBRARY = "libc++";
				CLANG_ENABLE_MODULES = YES;
				CLANG_ENABLE_OBJC_ARC = YES;
				CLANG_WARN_BOOL_CONVERSION = YES;
				CLANG_WARN_CONSTANT_CONVERSION = YES;
				CLANG_WARN_DIRECT_OBJC_ISA_USAGE = YES_ERROR;
				CLANG_WARN_DOCUMENTATION_COMMENTS = YES;
				CLANG_WARN_EMPTY_BODY = YES;
				CLANG_WARN_ENUM_CONVERSION = YES;
				CLANG_WARN_INFINITE_RECURSION = YES;
				CLANG_WARN_INT_CONVERSION = YES;
				CLANG_WARN_OBJC_ROOT_CLASS = YES_ERROR;
				CLANG_WARN_SUSPICIOUS_MOVE = YES;
				CLANG_WARN_UNREACHABLE_CODE = YES;
				CLANG_WARN__DUPLICATE_METHOD_MATCH = YES;
				"CODE_SIGN_IDENTITY[sdk=iphoneos*]" = "iPhone Developer";
				COPY_PHASE_STRIP = NO;
				DEBUG_INFORMATION_FORMAT = "dwarf-with-dsym";
				ENABLE_NS_ASSERTIONS = NO;
				ENABLE_STRICT_OBJC_MSGSEND = YES;
				GCC_C_LANGUAGE_STANDARD = gnu99;
				GCC_NO_COMMON_BLOCKS = YES;
				GCC_WARN_64_TO_32_BIT_CONVERSION = YES;
				GCC_WARN_ABOUT_RETURN_TYPE = YES_ERROR;
				GCC_WARN_UNDECLARED_SELECTOR = YES;
				GCC_WARN_UNINITIALIZED_AUTOS = YES_AGGRESSIVE;
				GCC_WARN_UNUSED_FUNCTION = YES;
				GCC_WARN_UNUSED_VARIABLE = YES;
				IPHONEOS_DEPLOYMENT_TARGET = 10.2;
				MTL_ENABLE_DEBUG_INFO = NO;
				SDKROOT = iphoneos;
				VALIDATE_PRODUCT = YES;
			};
			name = Release;
		};
		5DACEEFA1E53E308004042F0 /* Debug */ = {
			isa = XCBuildConfiguration;
			baseConfigurationReference = E6D01216434B4D698FE8E9C3 /* Pods-WTImageEasyInOut.debug.xcconfig */;
			buildSettings = {
				ASSETCATALOG_COMPILER_APPICON_NAME = AppIcon;
				INFOPLIST_FILE = WTImageEasyInOut/Info.plist;
				LD_RUNPATH_SEARCH_PATHS = "$(inherited) @executable_path/Frameworks";
				PRODUCT_BUNDLE_IDENTIFIER = Dwt.WTImageEasyInOut;
				PRODUCT_NAME = "$(TARGET_NAME)";
			};
			name = Debug;
		};
		5DACEEFB1E53E308004042F0 /* Release */ = {
			isa = XCBuildConfiguration;
			baseConfigurationReference = 0D746F9E2BFA7D3A2E8AA9AA /* Pods-WTImageEasyInOut.release.xcconfig */;
			buildSettings = {
				ASSETCATALOG_COMPILER_APPICON_NAME = AppIcon;
				INFOPLIST_FILE = WTImageEasyInOut/Info.plist;
				LD_RUNPATH_SEARCH_PATHS = "$(inherited) @executable_path/Frameworks";
				PRODUCT_BUNDLE_IDENTIFIER = Dwt.WTImageEasyInOut;
				PRODUCT_NAME = "$(TARGET_NAME)";
			};
			name = Release;
		};
		5DACEEFD1E53E308004042F0 /* Debug */ = {
			isa = XCBuildConfiguration;
			buildSettings = {
				BUNDLE_LOADER = "$(TEST_HOST)";
				INFOPLIST_FILE = WTImageEasyInOutTests/Info.plist;
				LD_RUNPATH_SEARCH_PATHS = "$(inherited) @executable_path/Frameworks @loader_path/Frameworks";
				PRODUCT_BUNDLE_IDENTIFIER = Dwt.WTImageEasyInOutTests;
				PRODUCT_NAME = "$(TARGET_NAME)";
				TEST_HOST = "$(BUILT_PRODUCTS_DIR)/WTImageEasyInOut.app/WTImageEasyInOut";
			};
			name = Debug;
		};
		5DACEEFE1E53E308004042F0 /* Release */ = {
			isa = XCBuildConfiguration;
			buildSettings = {
				BUNDLE_LOADER = "$(TEST_HOST)";
				INFOPLIST_FILE = WTImageEasyInOutTests/Info.plist;
				LD_RUNPATH_SEARCH_PATHS = "$(inherited) @executable_path/Frameworks @loader_path/Frameworks";
				PRODUCT_BUNDLE_IDENTIFIER = Dwt.WTImageEasyInOutTests;
				PRODUCT_NAME = "$(TARGET_NAME)";
				TEST_HOST = "$(BUILT_PRODUCTS_DIR)/WTImageEasyInOut.app/WTImageEasyInOut";
			};
			name = Release;
		};
		5DACEF001E53E308004042F0 /* Debug */ = {
			isa = XCBuildConfiguration;
			buildSettings = {
				INFOPLIST_FILE = WTImageEasyInOutUITests/Info.plist;
				LD_RUNPATH_SEARCH_PATHS = "$(inherited) @executable_path/Frameworks @loader_path/Frameworks";
				PRODUCT_BUNDLE_IDENTIFIER = Dwt.WTImageEasyInOutUITests;
				PRODUCT_NAME = "$(TARGET_NAME)";
				TEST_TARGET_NAME = WTImageEasyInOut;
			};
			name = Debug;
		};
		5DACEF011E53E308004042F0 /* Release */ = {
			isa = XCBuildConfiguration;
			buildSettings = {
				INFOPLIST_FILE = WTImageEasyInOutUITests/Info.plist;
				LD_RUNPATH_SEARCH_PATHS = "$(inherited) @executable_path/Frameworks @loader_path/Frameworks";
				PRODUCT_BUNDLE_IDENTIFIER = Dwt.WTImageEasyInOutUITests;
				PRODUCT_NAME = "$(TARGET_NAME)";
				TEST_TARGET_NAME = WTImageEasyInOut;
			};
			name = Release;
		};
/* End XCBuildConfiguration section */

/* Begin XCConfigurationList section */
		5DACEEC71E53E308004042F0 /* Build configuration list for PBXProject "WTImageEasyInOut" */ = {
			isa = XCConfigurationList;
			buildConfigurations = (
				5DACEEF71E53E308004042F0 /* Debug */,
				5DACEEF81E53E308004042F0 /* Release */,
			);
			defaultConfigurationIsVisible = 0;
			defaultConfigurationName = Release;
		};
		5DACEEF91E53E308004042F0 /* Build configuration list for PBXNativeTarget "WTImageEasyInOut" */ = {
			isa = XCConfigurationList;
			buildConfigurations = (
				5DACEEFA1E53E308004042F0 /* Debug */,
				5DACEEFB1E53E308004042F0 /* Release */,
			);
			defaultConfigurationIsVisible = 0;
			defaultConfigurationName = Release;
		};
		5DACEEFC1E53E308004042F0 /* Build configuration list for PBXNativeTarget "WTImageEasyInOutTests" */ = {
			isa = XCConfigurationList;
			buildConfigurations = (
				5DACEEFD1E53E308004042F0 /* Debug */,
				5DACEEFE1E53E308004042F0 /* Release */,
			);
			defaultConfigurationIsVisible = 0;
			defaultConfigurationName = Release;
		};
		5DACEEFF1E53E308004042F0 /* Build configuration list for PBXNativeTarget "WTImageEasyInOutUITests" */ = {
			isa = XCConfigurationList;
			buildConfigurations = (
				5DACEF001E53E308004042F0 /* Debug */,
				5DACEF011E53E308004042F0 /* Release */,
			);
			defaultConfigurationIsVisible = 0;
			defaultConfigurationName = Release;
		};
/* End XCConfigurationList section */
	};
	rootObject = 5DACEEC41E53E308004042F0 /* Project object */;
}
